
Microsoft Visual Studio Solution File, Format Version 12.00
# Visual Studio Version 16
VisualStudioVersion = 16.0.31025.194
MinimumVisualStudioVersion = 10.0.40219.1
Project("{8BC9CEB8-8B4A-11D0-8D11-00A0C91BC942}") = "Froggy_Platformer", "Froggy_Platformer\Froggy_Platformer.vcxproj", "{909F2041-C3A6-4261-A0C4-E6056A1F72AC}"
EndProject
Global
	GlobalSection(SolutionConfigurationPlatforms) = preSolution
		Debug|x64 = Debug|x64
		Debug|x86 = Debug|x86
		Release|x64 = Release|x64
		Release|x86 = Release|x86
	EndGlobalSection
	GlobalSection(ProjectConfigurationPlatforms) = postSolution
		{909F2041-C3A6-4261-A0C4-E6056A1F72AC}.Debug|x64.ActiveCfg = Debug|Win32
		{909F2041-C3A6-4261-A0C4-E6056A1F72AC}.Debug|x64.Build.0 = Debug|Win32
		{909F2041-C3A6-4261-A0C4-E6056A1F72AC}.Debug|x86.ActiveCfg = Debug|Win32
		{909F2041-C3A6-4261-A0C4-E6056A1F72AC}.Debug|x86.Build.0 = Debug|Win32
		{909F2041-C3A6-4261-A0C4-E6056A1F72AC}.Release|x64.ActiveCfg = Release|x64
		{909F2041-C3A6-4261-A0C4-E6056A1F72AC}.Release|x64.Build.0 = Release|x64
		{909F2041-C3A6-4261-A0C4-E6056A1F72AC}.Release|x86.ActiveCfg = Release|Win32
		{909F2041-C3A6-4261-A0C4-E6056A1F72AC}.Release|x86.Build.0 = Release|Win32
	EndGlobalSection
	GlobalSection(SolutionProperties) = preSolution
		HideSolutionNode = FALSE
	EndGlobalSection
	GlobalSection(ExtensibilityGlobals) = postSolution
		SolutionGuid = {3BEBB98E-53F2-487A-BD4F-BCA92453DA88}
	EndGlobalSection
EndGlobal
